github.com/hashicorp/errwrap v1.0.0/go.mod h1:YH+1FKiLXxHSkmPseP+kNlulaMuP3n2brvKWEqk/Jc4=
github.com/hashicorp/errwrap v1.1.0 h1:OxrOeh75EUXMY8TBjag2fzXGZ40LB6IKw45YeGUDY2I=
github.com/hashicorp/errwrap v1.1.0/go.mod h1:YH+1FKiLXxHSkmPseP+kNlulaMuP3n2brvKWEqk/Jc4=
github.com/hashicorp/go-multierror v1.1.1 h1:H5DkEtf6CXdFp0N0Em5UCwQpXMWke8IA0+lD48awMYo=
github.com/hashicorp/go-multierror v1.1.1/go.mod h1:iw975J/qwKPdAO1clOe2L8331t/9/fmwbPZ6JB6eMoM=
github.com/jgillich/go-opencl v0.0.0-20180608191952-a0efba3e5257 h1:CBOaGRHrueOBsM7vclAiWv4aecXkEAjGfYPGPgM9AdU=
github.com/jgillich/go-opencl v0.0.0-20180608191952-a0efba3e5257/go.mod h1:zVb9psSAj+VpRI2Kp8J9sG437/VkNvl+l3dBMAUmGi4=
github.com/moratsam/etherscan v0.0.0-20220605153203-77b8f18347d2 h1:c002M+Hrw2Rskr6w+scd1vPes2xnTOtn/isNiQZ4t44=
github.com/moratsam/etherscan v0.0.0-20220605153203-77b8f18347d2/go.mod h1:DwwTe2FFO+xzKcPRGIY5M4lYl/Kyqw584+esr9+1g38=
golang.org/x/xerrors v0.0.0-20220609144429-65e65417b02f h1:uF6paiQQebLeSXkrTqHqz0MXhXXS1KgF41eUdBNvxK0=
golang.org/x/xerrors v0.0.0-20220609144429-65e65417b02f/go.mod h1:K8+ghG5WaK9qNqU5K3HdILfMLy1f3aNYFI/wnl100a8=
